
Microsoft Visual Studio Solution File, Format Version 11.00
# Visual Studio 2010
Project("{FAE04EC0-301F-11D3-BF4B-00C04F79EFBC}") = "SpaceBumper.GUI", "SpaceBump\SpaceBumper.GUI.csproj", "{C5F4A04B-8B04-4100-84BB-4ADD8E6C1A1B}"
EndProject
Project("{FAE04EC0-301F-11D3-BF4B-00C04F79EFBC}") = "SpaceBumper.Core", "SpaceBump.Core\SpaceBumper.Core.csproj", "{DC74ED02-646D-4379-A437-E98C2F56F772}"
EndProject
Global
	GlobalSection(SolutionConfigurationPlatforms) = preSolution
		Debug|Any CPU = Debug|Any CPU
		Debug|Mixed Platforms = Debug|Mixed Platforms
		Debug|x86 = Debug|x86
		Release|Any CPU = Release|Any CPU
		Release|Mixed Platforms = Release|Mixed Platforms
		Release|x86 = Release|x86
	EndGlobalSection
	GlobalSection(ProjectConfigurationPlatforms) = postSolution
		{C5F4A04B-8B04-4100-84BB-4ADD8E6C1A1B}.Debug|Any CPU.ActiveCfg = Debug|x86
		{C5F4A04B-8B04-4100-84BB-4ADD8E6C1A1B}.Debug|Mixed Platforms.ActiveCfg = Debug|x86
		{C5F4A04B-8B04-4100-84BB-4ADD8E6C1A1B}.Debug|Mixed Platforms.Build.0 = Debug|x86
		{C5F4A04B-8B04-4100-84BB-4ADD8E6C1A1B}.Debug|x86.ActiveCfg = Debug|x86
		{C5F4A04B-8B04-4100-84BB-4ADD8E6C1A1B}.Debug|x86.Build.0 = Debug|x86
		{C5F4A04B-8B04-4100-84BB-4ADD8E6C1A1B}.Release|Any CPU.ActiveCfg = Release|x86
		{C5F4A04B-8B04-4100-84BB-4ADD8E6C1A1B}.Release|Mixed Platforms.ActiveCfg = Release|x86
		{C5F4A04B-8B04-4100-84BB-4ADD8E6C1A1B}.Release|Mixed Platforms.Build.0 = Release|x86
		{C5F4A04B-8B04-4100-84BB-4ADD8E6C1A1B}.Release|x86.ActiveCfg = Release|x86
		{C5F4A04B-8B04-4100-84BB-4ADD8E6C1A1B}.Release|x86.Build.0 = Release|x86
		{DC74ED02-646D-4379-A437-E98C2F56F772}.Debug|Any CPU.ActiveCfg = Debug|Any CPU
		{DC74ED02-646D-4379-A437-E98C2F56F772}.Debug|Any CPU.Build.0 = Debug|Any CPU
		{DC74ED02-646D-4379-A437-E98C2F56F772}.Debug|Mixed Platforms.ActiveCfg = Debug|Any CPU
		{DC74ED02-646D-4379-A437-E98C2F56F772}.Debug|Mixed Platforms.Build.0 = Debug|Any CPU
		{DC74ED02-646D-4379-A437-E98C2F56F772}.Debug|x86.ActiveCfg = Debug|Any CPU
		{DC74ED02-646D-4379-A437-E98C2F56F772}.Release|Any CPU.ActiveCfg = Release|Any CPU
		{DC74ED02-646D-4379-A437-E98C2F56F772}.Release|Any CPU.Build.0 = Release|Any CPU
		{DC74ED02-646D-4379-A437-E98C2F56F772}.Release|Mixed Platforms.ActiveCfg = Release|Any CPU
		{DC74ED02-646D-4379-A437-E98C2F56F772}.Release|Mixed Platforms.Build.0 = Release|Any CPU
		{DC74ED02-646D-4379-A437-E98C2F56F772}.Release|x86.ActiveCfg = Release|Any CPU
	EndGlobalSection
	GlobalSection(SolutionProperties) = preSolution
		HideSolutionNode = FALSE
	EndGlobalSection
EndGlobal
